
Microsoft Visual Studio Solution File, Format Version 12.00
# Visual Studio Version 16
VisualStudioVersion = 16.0.32630.194
MinimumVisualStudioVersion = 10.0.40219.1
Project("{FAE04EC0-301F-11D3-BF4B-00C04F79EFBC}") = "10.12.arcgis1", "10.12.arcgis1.csproj", "{136DFDBB-B33F-45F7-B0BA-8BE4455A0646}"
EndProject
Global
	GlobalSection(SolutionConfigurationPlatforms) = preSolution
		Debug|Any CPU = Debug|Any CPU
		Release|Any CPU = Release|Any CPU
	EndGlobalSection
	GlobalSection(ProjectConfigurationPlatforms) = postSolution
		{136DFDBB-B33F-45F7-B0BA-8BE4455A0646}.Debug|Any CPU.ActiveCfg = Debug|Any CPU
		{136DFDBB-B33F-45F7-B0BA-8BE4455A0646}.Debug|Any CPU.Build.0 = Debug|Any CPU
		{136DFDBB-B33F-45F7-B0BA-8BE4455A0646}.Release|Any CPU.ActiveCfg = Release|Any CPU
		{136DFDBB-B33F-45F7-B0BA-8BE4455A0646}.Release|Any CPU.Build.0 = Release|Any CPU
	EndGlobalSection
	GlobalSection(SolutionProperties) = preSolution
		HideSolutionNode = FALSE
	EndGlobalSection
	GlobalSection(ExtensibilityGlobals) = postSolution
		SolutionGuid = {ACF722D4-79C8-4041-9C37-AC5C8C3BA6B1}
	EndGlobalSection
EndGlobal
